
Microsoft Visual Studio Solution File, Format Version 12.00
# Visual Studio 2013
VisualStudioVersion = 12.0.30501.0
MinimumVisualStudioVersion = 10.0.40219.1
Project("{FAE04EC0-301F-11D3-BF4B-00C04F79EFBC}") = "Host_Alpha", "Host_Alpha\Host_Alpha.csproj", "{9A412FB8-1895-4DF0-A0B8-BE736751361C}"
EndProject
Project("{FAE04EC0-301F-11D3-BF4B-00C04F79EFBC}") = "Synth Tester", "Synth Tester\Synth Tester.csproj", "{0A528293-ECC1-40B9-8A2F-CA2FE58C6996}"
EndProject
Project("{FAE04EC0-301F-11D3-BF4B-00C04F79EFBC}") = "StandaloneHost", "StandaloneHost\StandaloneHost.csproj", "{0F6726D6-5936-41D0-8C2B-AE7871D97898}"
EndProject
Project("{FAE04EC0-301F-11D3-BF4B-00C04F79EFBC}") = "GUI_standalone", "GUI_standalone\GUI_standalone.csproj", "{31EC48B3-2866-4F6E-9DAA-636D89E42754}"
EndProject
Global
	GlobalSection(SolutionConfigurationPlatforms) = preSolution
		Debug|Any CPU = Debug|Any CPU
		Release|Any CPU = Release|Any CPU
	EndGlobalSection
	GlobalSection(ProjectConfigurationPlatforms) = postSolution
		{9A412FB8-1895-4DF0-A0B8-BE736751361C}.Debug|Any CPU.ActiveCfg = Debug|Any CPU
		{9A412FB8-1895-4DF0-A0B8-BE736751361C}.Debug|Any CPU.Build.0 = Debug|Any CPU
		{9A412FB8-1895-4DF0-A0B8-BE736751361C}.Release|Any CPU.ActiveCfg = Release|Any CPU
		{9A412FB8-1895-4DF0-A0B8-BE736751361C}.Release|Any CPU.Build.0 = Release|Any CPU
		{0A528293-ECC1-40B9-8A2F-CA2FE58C6996}.Debug|Any CPU.ActiveCfg = Debug|Any CPU
		{0A528293-ECC1-40B9-8A2F-CA2FE58C6996}.Debug|Any CPU.Build.0 = Debug|Any CPU
		{0A528293-ECC1-40B9-8A2F-CA2FE58C6996}.Release|Any CPU.ActiveCfg = Release|Any CPU
		{0A528293-ECC1-40B9-8A2F-CA2FE58C6996}.Release|Any CPU.Build.0 = Release|Any CPU
		{0F6726D6-5936-41D0-8C2B-AE7871D97898}.Debug|Any CPU.ActiveCfg = Debug|Any CPU
		{0F6726D6-5936-41D0-8C2B-AE7871D97898}.Debug|Any CPU.Build.0 = Debug|Any CPU
		{0F6726D6-5936-41D0-8C2B-AE7871D97898}.Release|Any CPU.ActiveCfg = Release|Any CPU
		{0F6726D6-5936-41D0-8C2B-AE7871D97898}.Release|Any CPU.Build.0 = Release|Any CPU
		{31EC48B3-2866-4F6E-9DAA-636D89E42754}.Debug|Any CPU.ActiveCfg = Debug|Any CPU
		{31EC48B3-2866-4F6E-9DAA-636D89E42754}.Debug|Any CPU.Build.0 = Debug|Any CPU
		{31EC48B3-2866-4F6E-9DAA-636D89E42754}.Release|Any CPU.ActiveCfg = Release|Any CPU
		{31EC48B3-2866-4F6E-9DAA-636D89E42754}.Release|Any CPU.Build.0 = Release|Any CPU
	EndGlobalSection
	GlobalSection(SolutionProperties) = preSolution
		HideSolutionNode = FALSE
	EndGlobalSection
EndGlobal
